
Microsoft Visual Studio Solution File, Format Version 12.00
Project("{FAE04EC0-301F-11D3-BF4B-00C04F79EFBC}") = "txts", "txts\txts.csproj", "{4BB31928-35E1-4FCF-A40A-49F85338DBFC}"
EndProject
Global
	GlobalSection(SolutionConfigurationPlatforms) = preSolution
		Debug|Any CPU = Debug|Any CPU
		Release|Any CPU = Release|Any CPU
	EndGlobalSection
	GlobalSection(ProjectConfigurationPlatforms) = postSolution
		{4BB31928-35E1-4FCF-A40A-49F85338DBFC}.Debug|Any CPU.ActiveCfg = Debug|Any CPU
		{4BB31928-35E1-4FCF-A40A-49F85338DBFC}.Debug|Any CPU.Build.0 = Debug|Any CPU
		{4BB31928-35E1-4FCF-A40A-49F85338DBFC}.Release|Any CPU.ActiveCfg = Release|Any CPU
		{4BB31928-35E1-4FCF-A40A-49F85338DBFC}.Release|Any CPU.Build.0 = Release|Any CPU
	EndGlobalSection
EndGlobal
